
Microsoft Visual Studio Solution File, Format Version 12.00
# Visual Studio Version 17
VisualStudioVersion = 17.14.36408.4 d17.14
MinimumVisualStudioVersion = 10.0.40219.1
Project("{2150E333-8FDC-42A3-9474-1A3956D46DE8}") = "Src", "Src", "{02EA681E-C7D8-13C7-8484-4AC65E1B71E8}"
EndProject
Project("{FAE04EC0-301F-11D3-BF4B-00C04F79EFBC}") = "Ecom.Core", "Ecom.Core\Ecom.Core.csproj", "{C63CD457-2E81-4623-BC59-0A53297193DA}"
EndProject
Project("{FAE04EC0-301F-11D3-BF4B-00C04F79EFBC}") = "Ecom.Infrastructure", "Ecom.Infrastructure\Ecom.Infrastructure.csproj", "{FB22FA60-813D-430C-BD49-A6C12D46C100}"
EndProject
Project("{FAE04EC0-301F-11D3-BF4B-00C04F79EFBC}") = "Ecom.API", "Ecom.API\Ecom.API.csproj", "{7244F3D9-2846-4307-B56F-721A2467C398}"
EndProject
Global
	GlobalSection(SolutionConfigurationPlatforms) = preSolution
		Debug|Any CPU = Debug|Any CPU
		Release|Any CPU = Release|Any CPU
	EndGlobalSection
	GlobalSection(ProjectConfigurationPlatforms) = postSolution
		{C63CD457-2E81-4623-BC59-0A53297193DA}.Debug|Any CPU.ActiveCfg = Debug|Any CPU
		{C63CD457-2E81-4623-BC59-0A53297193DA}.Debug|Any CPU.Build.0 = Debug|Any CPU
		{C63CD457-2E81-4623-BC59-0A53297193DA}.Release|Any CPU.ActiveCfg = Release|Any CPU
		{C63CD457-2E81-4623-BC59-0A53297193DA}.Release|Any CPU.Build.0 = Release|Any CPU
		{FB22FA60-813D-430C-BD49-A6C12D46C100}.Debug|Any CPU.ActiveCfg = Debug|Any CPU
		{FB22FA60-813D-430C-BD49-A6C12D46C100}.Debug|Any CPU.Build.0 = Debug|Any CPU
		{FB22FA60-813D-430C-BD49-A6C12D46C100}.Release|Any CPU.ActiveCfg = Release|Any CPU
		{FB22FA60-813D-430C-BD49-A6C12D46C100}.Release|Any CPU.Build.0 = Release|Any CPU
		{7244F3D9-2846-4307-B56F-721A2467C398}.Debug|Any CPU.ActiveCfg = Debug|Any CPU
		{7244F3D9-2846-4307-B56F-721A2467C398}.Debug|Any CPU.Build.0 = Debug|Any CPU
		{7244F3D9-2846-4307-B56F-721A2467C398}.Release|Any CPU.ActiveCfg = Release|Any CPU
		{7244F3D9-2846-4307-B56F-721A2467C398}.Release|Any CPU.Build.0 = Release|Any CPU
	EndGlobalSection
	GlobalSection(SolutionProperties) = preSolution
		HideSolutionNode = FALSE
	EndGlobalSection
	GlobalSection(NestedProjects) = preSolution
		{C63CD457-2E81-4623-BC59-0A53297193DA} = {02EA681E-C7D8-13C7-8484-4AC65E1B71E8}
		{FB22FA60-813D-430C-BD49-A6C12D46C100} = {02EA681E-C7D8-13C7-8484-4AC65E1B71E8}
		{7244F3D9-2846-4307-B56F-721A2467C398} = {02EA681E-C7D8-13C7-8484-4AC65E1B71E8}
	EndGlobalSection
	GlobalSection(ExtensibilityGlobals) = postSolution
		SolutionGuid = {D2DD0446-5B22-4D90-91F8-6A02E83AD717}
	EndGlobalSection
EndGlobal
